
Microsoft Visual Studio Solution File, Format Version 12.00
# Visual Studio Version 17
VisualStudioVersion = 17.13.35806.99 d17.13
MinimumVisualStudioVersion = 10.0.40219.1
Project("{FAE04EC0-301F-11D3-BF4B-00C04F79EFBC}") = "Tic Tac Toe", "Tic Tac Toe\Tic Tac Toe.csproj", "{08D2BF8D-EE32-4B7B-AB77-62DDDE6DEB34}"
EndProject
Global
	GlobalSection(SolutionConfigurationPlatforms) = preSolution
		Debug|Any CPU = Debug|Any CPU
		Release|Any CPU = Release|Any CPU
	EndGlobalSection
	GlobalSection(ProjectConfigurationPlatforms) = postSolution
		{08D2BF8D-EE32-4B7B-AB77-62DDDE6DEB34}.Debug|Any CPU.ActiveCfg = Debug|Any CPU
		{08D2BF8D-EE32-4B7B-AB77-62DDDE6DEB34}.Debug|Any CPU.Build.0 = Debug|Any CPU
		{08D2BF8D-EE32-4B7B-AB77-62DDDE6DEB34}.Release|Any CPU.ActiveCfg = Release|Any CPU
		{08D2BF8D-EE32-4B7B-AB77-62DDDE6DEB34}.Release|Any CPU.Build.0 = Release|Any CPU
	EndGlobalSection
	GlobalSection(SolutionProperties) = preSolution
		HideSolutionNode = FALSE
	EndGlobalSection
	GlobalSection(ExtensibilityGlobals) = postSolution
		SolutionGuid = {EDE2A29D-0932-4BA1-A1A2-69A4BD7FBB97}
	EndGlobalSection
EndGlobal
